
Microsoft Visual Studio Solution File, Format Version 12.00
# Visual Studio 14
VisualStudioVersion = 14.0.25420.1
MinimumVisualStudioVersion = 10.0.40219.1
Project("{2150E333-8FDC-42A3-9474-1A3956D46DE8}") = "src", "src", "{74F64E76-EC12-4F7D-B4A0-567B620CA841}"
EndProject
Project("{2150E333-8FDC-42A3-9474-1A3956D46DE8}") = "Solution Items", "Solution Items", "{8CFCF7AD-6740-48AF-955E-C5A530863000}"
	ProjectSection(SolutionItems) = preProject
		global.json = global.json
	EndProjectSection
EndProject
Project("{8BB2217D-0F2D-49D1-97BC-3654ED321F3B}") = "WebApplication1", "src\WebApplication1\WebApplication1.xproj", "{21A8C307-7C1F-47BB-BB4F-A2C17BA3432C}"
EndProject
Global
	GlobalSection(SolutionConfigurationPlatforms) = preSolution
		Debug|Any CPU = Debug|Any CPU
		Release|Any CPU = Release|Any CPU
	EndGlobalSection
	GlobalSection(ProjectConfigurationPlatforms) = postSolution
		{21A8C307-7C1F-47BB-BB4F-A2C17BA3432C}.Debug|Any CPU.ActiveCfg = Debug|Any CPU
		{21A8C307-7C1F-47BB-BB4F-A2C17BA3432C}.Debug|Any CPU.Build.0 = Debug|Any CPU
		{21A8C307-7C1F-47BB-BB4F-A2C17BA3432C}.Release|Any CPU.ActiveCfg = Release|Any CPU
		{21A8C307-7C1F-47BB-BB4F-A2C17BA3432C}.Release|Any CPU.Build.0 = Release|Any CPU
	EndGlobalSection
	GlobalSection(SolutionProperties) = preSolution
		HideSolutionNode = FALSE
	EndGlobalSection
	GlobalSection(NestedProjects) = preSolution
		{21A8C307-7C1F-47BB-BB4F-A2C17BA3432C} = {74F64E76-EC12-4F7D-B4A0-567B620CA841}
	EndGlobalSection
EndGlobal
